
Microsoft Visual Studio Solution File, Format Version 12.00
# Visual Studio Version 16
VisualStudioVersion = 25.0.1706.12
MinimumVisualStudioVersion = 10.0.40219.1
Project("{FAE04EC0-301F-11D3-BF4B-00C04F79EFBC}") = "chart-data", "chart-data.csproj", "{EDDB0348-44FD-4C99-B0DE-1F99B69103D7}"
EndProject
Global
	GlobalSection(SolutionConfigurationPlatforms) = preSolution
		Debug|Any CPU = Debug|Any CPU
		Release|Any CPU = Release|Any CPU
	EndGlobalSection
	GlobalSection(ProjectConfigurationPlatforms) = postSolution
		{EDDB0348-44FD-4C99-B0DE-1F99B69103D7}.Debug|Any CPU.ActiveCfg = Debug|Any CPU
		{EDDB0348-44FD-4C99-B0DE-1F99B69103D7}.Debug|Any CPU.Build.0 = Debug|Any CPU
		{EDDB0348-44FD-4C99-B0DE-1F99B69103D7}.Release|Any CPU.ActiveCfg = Release|Any CPU
		{EDDB0348-44FD-4C99-B0DE-1F99B69103D7}.Release|Any CPU.Build.0 = Release|Any CPU
	EndGlobalSection
	GlobalSection(SolutionProperties) = preSolution
		HideSolutionNode = FALSE
	EndGlobalSection
	GlobalSection(ExtensibilityGlobals) = postSolution
		SolutionGuid = {70E2F9E0-809B-4EDA-9D13-30FCBAA04F7C}
	EndGlobalSection
EndGlobal
