
Microsoft Visual Studio Solution File, Format Version 12.00
# Visual Studio Version 16
VisualStudioVersion = 25.0.1706.12
MinimumVisualStudioVersion = 10.0.40219.1
Project("{FAE04EC0-301F-11D3-BF4B-00C04F79EFBC}") = "chart-data", "chart-data.csproj", "{EDDB0348-44FD-4C99-B0DE-1F99B69103D7}"
EndProject
Project("{E53339B2-1760-4266-BCC7-CA923CBCF16C}") = "docker-compose", "docker-compose.dcproj", "{EF96965C-D35F-4D72-A89B-B18D87E7AA5E}"
EndProject
Project("{FAE04EC0-301F-11D3-BF4B-00C04F79EFBC}") = "Tests", "..\Tests\Tests.csproj", "{768C0FDC-48F3-4F09-8CFA-FB4C806E0206}"
EndProject
Global
	GlobalSection(SolutionConfigurationPlatforms) = preSolution
		Debug|Any CPU = Debug|Any CPU
		Release|Any CPU = Release|Any CPU
	EndGlobalSection
	GlobalSection(ProjectConfigurationPlatforms) = postSolution
		{EDDB0348-44FD-4C99-B0DE-1F99B69103D7}.Debug|Any CPU.ActiveCfg = Debug|Any CPU
		{EDDB0348-44FD-4C99-B0DE-1F99B69103D7}.Debug|Any CPU.Build.0 = Debug|Any CPU
		{EDDB0348-44FD-4C99-B0DE-1F99B69103D7}.Release|Any CPU.ActiveCfg = Release|Any CPU
		{EDDB0348-44FD-4C99-B0DE-1F99B69103D7}.Release|Any CPU.Build.0 = Release|Any CPU
		{EF96965C-D35F-4D72-A89B-B18D87E7AA5E}.Debug|Any CPU.ActiveCfg = Debug|Any CPU
		{EF96965C-D35F-4D72-A89B-B18D87E7AA5E}.Debug|Any CPU.Build.0 = Debug|Any CPU
		{EF96965C-D35F-4D72-A89B-B18D87E7AA5E}.Release|Any CPU.ActiveCfg = Release|Any CPU
		{EF96965C-D35F-4D72-A89B-B18D87E7AA5E}.Release|Any CPU.Build.0 = Release|Any CPU
		{768C0FDC-48F3-4F09-8CFA-FB4C806E0206}.Debug|Any CPU.ActiveCfg = Debug|Any CPU
		{768C0FDC-48F3-4F09-8CFA-FB4C806E0206}.Debug|Any CPU.Build.0 = Debug|Any CPU
		{768C0FDC-48F3-4F09-8CFA-FB4C806E0206}.Release|Any CPU.ActiveCfg = Release|Any CPU
		{768C0FDC-48F3-4F09-8CFA-FB4C806E0206}.Release|Any CPU.Build.0 = Release|Any CPU
	EndGlobalSection
	GlobalSection(SolutionProperties) = preSolution
		HideSolutionNode = FALSE
	EndGlobalSection
	GlobalSection(ExtensibilityGlobals) = postSolution
		SolutionGuid = {70E2F9E0-809B-4EDA-9D13-30FCBAA04F7C}
	EndGlobalSection
EndGlobal
